{
    "_meta": {
        "hash": {
            "sha256": "6c028ff7cd167954b35a400f0c3b60eb5a03d539e8bcd2b5e05ac4068927a431"
        },
        "pipfile-spec": 6,
        "requires": {
            "python_version": "3.8"
        },
        "sources": [
            {
                "name": "pypi",
                "url": "https://pypi.org/simple",
                "verify_ssl": true
            }
        ]
    },
    "default": {
        "hubspot3": {
            "hashes": [
                "sha256:d1c1ef3f2b3189d66d823c07fd2491e84d4742ec099bee713c620fc59a4fd1b8"
            ],
            "index": "pypi",
            "version": "==3.2.49"
        },
        "typing-extensions": {
            "hashes": [
                "sha256:6e95524d8a547a91e08f404ae485bbb71962de46967e1b71a0cb89af24e761c5",
                "sha256:79ee589a3caca649a9bfd2a8de4709837400dfa00b6cc81962a1e6a1815969ae",
                "sha256:f8d2bd89d25bc39dabe7d23df520442fa1d8969b82544370e03d88b5a591c392"
            ],
            "version": "==3.7.4.2"
        }
    },
    "develop": {}
}
